{
  "requires": true,
  "lockfileVersion": 1,
  "dependencies": {
    "react-native-device-info": {
      "version": "0.21.5",
      "resolved": "https://registry.npmjs.org/react-native-device-info/-/react-native-device-info-0.21.5.tgz",
      "integrity": "sha512-Bvl7TyVMDbBH3wzvZx0xj3deMhWVRDHdOdjP1MjGVxVVH+bSlCi6oYDScaX2yz5rfi2OvevWWCg8jUqFKeepjA=="
    }
  }
}
